
Microsoft Visual Studio Solution File, Format Version 12.00
# Visual Studio Version 16
VisualStudioVersion = 16.0.30114.105
MinimumVisualStudioVersion = 10.0.40219.1
Project("{2150E333-8FDC-42A3-9474-1A3956D46DE8}") = "src", "src", "{3ECA1924-AB22-48D2-ACCE-4D198022DEDC}"
EndProject
Project("{FAE04EC0-301F-11D3-BF4B-00C04F79EFBC}") = "TReminder", "src\TReminder\TReminder.csproj", "{3655481D-AEF5-43AE-A53E-A5AFCE41534C}"
EndProject
Project("{FAE04EC0-301F-11D3-BF4B-00C04F79EFBC}") = "TReminder.Models", "src\TReminder.Models\TReminder.Models.csproj", "{1A53AB33-559E-4AD0-A460-5CDD814022B0}"
EndProject
Project("{2150E333-8FDC-42A3-9474-1A3956D46DE8}") = "tests", "tests", "{E9A2DF86-DE8D-43C2-88D9-A34D92024B79}"
EndProject
Project("{FAE04EC0-301F-11D3-BF4B-00C04F79EFBC}") = "TReminder.Tests.Models", "tests\TReminder.Tests.Models\TReminder.Tests.Models.csproj", "{173F15F0-8B55-4411-910A-6DE66BC8F27C}"
EndProject
Project("{FAE04EC0-301F-11D3-BF4B-00C04F79EFBC}") = "TReminder.Application", "src\TReminder.Application\TReminder.Application.csproj", "{CF103CAD-792B-4093-BFB8-A6A100C8B2B3}"
EndProject
Global
	GlobalSection(SolutionConfigurationPlatforms) = preSolution
		Debug|Any CPU = Debug|Any CPU
		Debug|x64 = Debug|x64
		Debug|x86 = Debug|x86
		Release|Any CPU = Release|Any CPU
		Release|x64 = Release|x64
		Release|x86 = Release|x86
	EndGlobalSection
	GlobalSection(SolutionProperties) = preSolution
		HideSolutionNode = FALSE
	EndGlobalSection
	GlobalSection(ProjectConfigurationPlatforms) = postSolution
		{3655481D-AEF5-43AE-A53E-A5AFCE41534C}.Debug|Any CPU.ActiveCfg = Debug|Any CPU
		{3655481D-AEF5-43AE-A53E-A5AFCE41534C}.Debug|Any CPU.Build.0 = Debug|Any CPU
		{3655481D-AEF5-43AE-A53E-A5AFCE41534C}.Debug|x64.ActiveCfg = Debug|Any CPU
		{3655481D-AEF5-43AE-A53E-A5AFCE41534C}.Debug|x64.Build.0 = Debug|Any CPU
		{3655481D-AEF5-43AE-A53E-A5AFCE41534C}.Debug|x86.ActiveCfg = Debug|Any CPU
		{3655481D-AEF5-43AE-A53E-A5AFCE41534C}.Debug|x86.Build.0 = Debug|Any CPU
		{3655481D-AEF5-43AE-A53E-A5AFCE41534C}.Release|Any CPU.ActiveCfg = Release|Any CPU
		{3655481D-AEF5-43AE-A53E-A5AFCE41534C}.Release|Any CPU.Build.0 = Release|Any CPU
		{3655481D-AEF5-43AE-A53E-A5AFCE41534C}.Release|x64.ActiveCfg = Release|Any CPU
		{3655481D-AEF5-43AE-A53E-A5AFCE41534C}.Release|x64.Build.0 = Release|Any CPU
		{3655481D-AEF5-43AE-A53E-A5AFCE41534C}.Release|x86.ActiveCfg = Release|Any CPU
		{3655481D-AEF5-43AE-A53E-A5AFCE41534C}.Release|x86.Build.0 = Release|Any CPU
		{1A53AB33-559E-4AD0-A460-5CDD814022B0}.Debug|Any CPU.ActiveCfg = Debug|Any CPU
		{1A53AB33-559E-4AD0-A460-5CDD814022B0}.Debug|Any CPU.Build.0 = Debug|Any CPU
		{1A53AB33-559E-4AD0-A460-5CDD814022B0}.Debug|x64.ActiveCfg = Debug|Any CPU
		{1A53AB33-559E-4AD0-A460-5CDD814022B0}.Debug|x64.Build.0 = Debug|Any CPU
		{1A53AB33-559E-4AD0-A460-5CDD814022B0}.Debug|x86.ActiveCfg = Debug|Any CPU
		{1A53AB33-559E-4AD0-A460-5CDD814022B0}.Debug|x86.Build.0 = Debug|Any CPU
		{1A53AB33-559E-4AD0-A460-5CDD814022B0}.Release|Any CPU.ActiveCfg = Release|Any CPU
		{1A53AB33-559E-4AD0-A460-5CDD814022B0}.Release|Any CPU.Build.0 = Release|Any CPU
		{1A53AB33-559E-4AD0-A460-5CDD814022B0}.Release|x64.ActiveCfg = Release|Any CPU
		{1A53AB33-559E-4AD0-A460-5CDD814022B0}.Release|x64.Build.0 = Release|Any CPU
		{1A53AB33-559E-4AD0-A460-5CDD814022B0}.Release|x86.ActiveCfg = Release|Any CPU
		{1A53AB33-559E-4AD0-A460-5CDD814022B0}.Release|x86.Build.0 = Release|Any CPU
		{173F15F0-8B55-4411-910A-6DE66BC8F27C}.Debug|Any CPU.ActiveCfg = Debug|Any CPU
		{173F15F0-8B55-4411-910A-6DE66BC8F27C}.Debug|Any CPU.Build.0 = Debug|Any CPU
		{173F15F0-8B55-4411-910A-6DE66BC8F27C}.Debug|x64.ActiveCfg = Debug|Any CPU
		{173F15F0-8B55-4411-910A-6DE66BC8F27C}.Debug|x64.Build.0 = Debug|Any CPU
		{173F15F0-8B55-4411-910A-6DE66BC8F27C}.Debug|x86.ActiveCfg = Debug|Any CPU
		{173F15F0-8B55-4411-910A-6DE66BC8F27C}.Debug|x86.Build.0 = Debug|Any CPU
		{173F15F0-8B55-4411-910A-6DE66BC8F27C}.Release|Any CPU.ActiveCfg = Release|Any CPU
		{173F15F0-8B55-4411-910A-6DE66BC8F27C}.Release|Any CPU.Build.0 = Release|Any CPU
		{173F15F0-8B55-4411-910A-6DE66BC8F27C}.Release|x64.ActiveCfg = Release|Any CPU
		{173F15F0-8B55-4411-910A-6DE66BC8F27C}.Release|x64.Build.0 = Release|Any CPU
		{173F15F0-8B55-4411-910A-6DE66BC8F27C}.Release|x86.ActiveCfg = Release|Any CPU
		{173F15F0-8B55-4411-910A-6DE66BC8F27C}.Release|x86.Build.0 = Release|Any CPU
		{CF103CAD-792B-4093-BFB8-A6A100C8B2B3}.Debug|Any CPU.ActiveCfg = Debug|Any CPU
		{CF103CAD-792B-4093-BFB8-A6A100C8B2B3}.Debug|Any CPU.Build.0 = Debug|Any CPU
		{CF103CAD-792B-4093-BFB8-A6A100C8B2B3}.Debug|x64.ActiveCfg = Debug|Any CPU
		{CF103CAD-792B-4093-BFB8-A6A100C8B2B3}.Debug|x64.Build.0 = Debug|Any CPU
		{CF103CAD-792B-4093-BFB8-A6A100C8B2B3}.Debug|x86.ActiveCfg = Debug|Any CPU
		{CF103CAD-792B-4093-BFB8-A6A100C8B2B3}.Debug|x86.Build.0 = Debug|Any CPU
		{CF103CAD-792B-4093-BFB8-A6A100C8B2B3}.Release|Any CPU.ActiveCfg = Release|Any CPU
		{CF103CAD-792B-4093-BFB8-A6A100C8B2B3}.Release|Any CPU.Build.0 = Release|Any CPU
		{CF103CAD-792B-4093-BFB8-A6A100C8B2B3}.Release|x64.ActiveCfg = Release|Any CPU
		{CF103CAD-792B-4093-BFB8-A6A100C8B2B3}.Release|x64.Build.0 = Release|Any CPU
		{CF103CAD-792B-4093-BFB8-A6A100C8B2B3}.Release|x86.ActiveCfg = Release|Any CPU
		{CF103CAD-792B-4093-BFB8-A6A100C8B2B3}.Release|x86.Build.0 = Release|Any CPU
	EndGlobalSection
	GlobalSection(NestedProjects) = preSolution
		{3655481D-AEF5-43AE-A53E-A5AFCE41534C} = {3ECA1924-AB22-48D2-ACCE-4D198022DEDC}
		{1A53AB33-559E-4AD0-A460-5CDD814022B0} = {3ECA1924-AB22-48D2-ACCE-4D198022DEDC}
		{173F15F0-8B55-4411-910A-6DE66BC8F27C} = {E9A2DF86-DE8D-43C2-88D9-A34D92024B79}
		{CF103CAD-792B-4093-BFB8-A6A100C8B2B3} = {3ECA1924-AB22-48D2-ACCE-4D198022DEDC}
	EndGlobalSection
EndGlobal
